PODS:
  - Blabber/CocoaLumberjack (1.1.6):
    - Blabber/Core
    - CocoaLumberjack (~> 3.5.1)
  - Blabber/Core (1.1.6)
  - CocoaLumberjack (3.5.1):
    - CocoaLumberjack/Core (= 3.5.1)
  - CocoaLumberjack/Core (3.5.1)

DEPENDENCIES:
  - Blabber/CocoaLumberjack (from `../`)

SPEC REPOS:
  https://github.com/cocoapods/specs.git:
    - CocoaLumberjack

EXTERNAL SOURCES:
  Blabber:
    :path: "../"

SPEC CHECKSUMS:
  Blabber: 776cbaafad2a6a0bf95083217980d0d0ac687aa8
  CocoaLumberjack: 2101f8a5508197a305e737d16c5c2e9e2157628c

PODFILE CHECKSUM: 1c7eb40f7873689a7422d4dc9328a751c88beb22

COCOAPODS: 1.6.1
