PODS:
  - Blabber/CocoaLumberjack (1.1.5):
    - Blabber/Core
    - CocoaLumberjack
  - Blabber/Core (1.1.5)
  - CocoaLumberjack (3.4.2):
    - CocoaLumberjack/Default (= 3.4.2)
    - CocoaLumberjack/Extensions (= 3.4.2)
  - CocoaLumberjack/Default (3.4.2)
  - CocoaLumberjack/Extensions (3.4.2):
    - CocoaLumberjack/Default

DEPENDENCIES:
  - Blabber/CocoaLumberjack (from `../`)

SPEC REPOS:
  https://github.com/cocoapods/specs.git:
    - CocoaLumberjack

EXTERNAL SOURCES:
  Blabber:
    :path: "../"

SPEC CHECKSUMS:
  Blabber: 6afb706055aa42514340125dd28f35775dfb2d63
  CocoaLumberjack: db7cc9e464771f12054c22ff6947c5a58d43a0fd

PODFILE CHECKSUM: 46d196d434005023021d35b398fc93e3d0a89a32

COCOAPODS: 1.5.3
