PODS:
  - Blabber/CocoaLumberjack (1.1.2):
    - Blabber/Core
    - CocoaLumberjack (~> 2.0)
  - Blabber/Core (1.1.2)
  - CocoaLumberjack (2.4.0):
    - CocoaLumberjack/Default (= 2.4.0)
    - CocoaLumberjack/Extensions (= 2.4.0)
  - CocoaLumberjack/Core (2.4.0)
  - CocoaLumberjack/Default (2.4.0):
    - CocoaLumberjack/Core
  - CocoaLumberjack/Extensions (2.4.0):
    - CocoaLumberjack/Default

DEPENDENCIES:
  - Blabber/CocoaLumberjack (from `../`)

EXTERNAL SOURCES:
  Blabber:
    :path: ../

SPEC CHECKSUMS:
  Blabber: bdfd286ec411f18775578badf883e87532f898e0
  CocoaLumberjack: aa9dcab71bdf9eaf2a63bbd9ddc87863efe45457

PODFILE CHECKSUM: 46d196d434005023021d35b398fc93e3d0a89a32

COCOAPODS: 1.2.1
